
Microsoft Visual Studio Solution File, Format Version 12.00
# Visual Studio Version 17
VisualStudioVersion = 17.13.35825.156
MinimumVisualStudioVersion = 10.0.40219.1
Project("{888888A0-9F3D-457C-B088-3A5042F75D52}") = "Weatherapp", "Weatherapp\Weatherapp.pyproj", "{403660F4-551A-4898-B69E-4FB6DB779C0D}"
EndProject
Global
	GlobalSection(SolutionConfigurationPlatforms) = preSolution
		Debug|Any CPU = Debug|Any CPU
		Release|Any CPU = Release|Any CPU
	EndGlobalSection
	GlobalSection(ProjectConfigurationPlatforms) = postSolution
		{403660F4-551A-4898-B69E-4FB6DB779C0D}.Debug|Any CPU.ActiveCfg = Debug|Any CPU
		{403660F4-551A-4898-B69E-4FB6DB779C0D}.Release|Any CPU.ActiveCfg = Release|Any CPU
	EndGlobalSection
	GlobalSection(SolutionProperties) = preSolution
		HideSolutionNode = FALSE
	EndGlobalSection
	GlobalSection(ExtensibilityGlobals) = postSolution
		SolutionGuid = {6960EBC2-D141-439C-9233-26B483F78F0F}
	EndGlobalSection
EndGlobal
